// !$*UTF8*$!
{
	archiveVersion = 1;
	classes = {
	};
	objectVersion = 46;
	objects = {

/* Begin PBXBuildFile section */
		5DE357C61912843E005CD2F2 /* Foundation.framework in Frameworks */ = {isa = PBXBuildFile; fileRef = 5DE357C51912843E005CD2F2 /* Foundation.framework */; };
		5DE357C81912843E005CD2F2 /* CoreGraphics.framework in Frameworks */ = {isa = PBXBuildFile; fileRef = 5DE357C71912843E005CD2F2 /* CoreGraphics.framework */; };
		5DE357CA1912843E005CD2F2 /* UIKit.framework in Frameworks */ = {isa = PBXBuildFile; fileRef = 5DE357C91912843E005CD2F2 /* UIKit.framework */; };
		5DE357D01912843E005CD2F2 /* InfoPlist.strings in Resources */ = {isa = PBXBuildFile; fileRef = 5DE357CE1912843E005CD2F2 /* InfoPlist.strings */; };
		5DE357D21912843E005CD2F2 /* main.m in Sources */ = {isa = PBXBuildFile; fileRef = 5DE357D11912843E005CD2F2 /* main.m */; };
		5DE357D61912843E005CD2F2 /* AppDelegate.m in Sources */ = {isa = PBXBuildFile; fileRef = 5DE357D51912843E005CD2F2 /* AppDelegate.m */; };
		5DE357D81912843E005CD2F2 /* Images.xcassets in Resources */ = {isa = PBXBuildFile; fileRef = 5DE357D71912843E005CD2F2 /* Images.xcassets */; };
		5DE357F6191284A3005CD2F2 /* PhotosCollectionViewController.m in Sources */ = {isa = PBXBuildFile; fileRef = 5DE357F5191284A3005CD2F2 /* PhotosCollectionViewController.m */; };
		5DE357F9191284B2005CD2F2 /* ParallaxFlowLayout.m in Sources */ = {isa = PBXBuildFile; fileRef = 5DE357F8191284B2005CD2F2 /* ParallaxFlowLayout.m */; };
		5DE357FC191284D0005CD2F2 /* ParallaxPhotoCell.m in Sources */ = {isa = PBXBuildFile; fileRef = 5DE357FB191284CF005CD2F2 /* ParallaxPhotoCell.m */; };
		5DE3581A19128E87005CD2F2 /* 01-mallorca.jpg in Resources */ = {isa = PBXBuildFile; fileRef = 5DE357FF19128E87005CD2F2 /* 01-mallorca.jpg */; };
		5DE3581B19128E87005CD2F2 /* 02-fishing.jpg in Resources */ = {isa = PBXBuildFile; fileRef = 5DE3580019128E87005CD2F2 /* 02-fishing.jpg */; };
		5DE3581C19128E87005CD2F2 /* 03-chili.jpg in Resources */ = {isa = PBXBuildFile; fileRef = 5DE3580119128E87005CD2F2 /* 03-chili.jpg */; };
		5DE3581D19128E87005CD2F2 /* 04-rice.jpg in Resources */ = {isa = PBXBuildFile; fileRef = 5DE3580219128E87005CD2F2 /* 04-rice.jpg */; };
		5DE3581E19128E87005CD2F2 /* 05-sweden.jpg in Resources */ = {isa = PBXBuildFile; fileRef = 5DE3580319128E87005CD2F2 /* 05-sweden.jpg */; };
		5DE3581F19128E87005CD2F2 /* 06-magicforest.jpg in Resources */ = {isa = PBXBuildFile; fileRef = 5DE3580419128E87005CD2F2 /* 06-magicforest.jpg */; };
		5DE3582019128E87005CD2F2 /* 07-bird.jpg in Resources */ = {isa = PBXBuildFile; fileRef = 5DE3580519128E87005CD2F2 /* 07-bird.jpg */; };
		5DE3582119128E87005CD2F2 /* 08-iguana.jpg in Resources */ = {isa = PBXBuildFile; fileRef = 5DE3580619128E87005CD2F2 /* 08-iguana.jpg */; };
		5DE3582219128E87005CD2F2 /* 09-valley.jpg in Resources */ = {isa = PBXBuildFile; fileRef = 5DE3580719128E87005CD2F2 /* 09-valley.jpg */; };
		5DE3582319128E87005CD2F2 /* 10-parrots.jpg in Resources */ = {isa = PBXBuildFile; fileRef = 5DE3580819128E87005CD2F2 /* 10-parrots.jpg */; };
		5DE3582419128E87005CD2F2 /* 11-lapaz.jpg in Resources */ = {isa = PBXBuildFile; fileRef = 5DE3580919128E87005CD2F2 /* 11-lapaz.jpg */; };
		5DE3582519128E87005CD2F2 /* 12-villarrica.jpg in Resources */ = {isa = PBXBuildFile; fileRef = 5DE3580A19128E87005CD2F2 /* 12-villarrica.jpg */; };
		5DE3582619128E87005CD2F2 /* 13-lakevolcano.jpg in Resources */ = {isa = PBXBuildFile; fileRef = 5DE3580B19128E87005CD2F2 /* 13-lakevolcano.jpg */; };
		5DE3582719128E87005CD2F2 /* 14-denseforest.jpg in Resources */ = {isa = PBXBuildFile; fileRef = 5DE3580C19128E87005CD2F2 /* 14-denseforest.jpg */; };
		5DE3582819128E87005CD2F2 /* 15-glacier1.jpg in Resources */ = {isa = PBXBuildFile; fileRef = 5DE3580D19128E87005CD2F2 /* 15-glacier1.jpg */; };
		5DE3582919128E87005CD2F2 /* 16-glacier2.jpg in Resources */ = {isa = PBXBuildFile; fileRef = 5DE3580E19128E87005CD2F2 /* 16-glacier2.jpg */; };
		5DE3582A19128E87005CD2F2 /* 17-torresdelpaine1.jpg in Resources */ = {isa = PBXBuildFile; fileRef = 5DE3580F19128E87005CD2F2 /* 17-torresdelpaine1.jpg */; };
		5DE3582B19128E87005CD2F2 /* 18-torresdelpaine2.jpg in Resources */ = {isa = PBXBuildFile; fileRef = 5DE3581019128E87005CD2F2 /* 18-torresdelpaine2.jpg */; };
		5DE3582C19128E87005CD2F2 /* 19-cat.jpg in Resources */ = {isa = PBXBuildFile; fileRef = 5DE3581119128E87005CD2F2 /* 19-cat.jpg */; };
		5DE3582D19128E87005CD2F2 /* 20-berlinskyline.jpg in Resources */ = {isa = PBXBuildFile; fileRef = 5DE3581219128E87005CD2F2 /* 20-berlinskyline.jpg */; };
		5DE3582E19128E87005CD2F2 /* 21-potsdamerplatz.jpg in Resources */ = {isa = PBXBuildFile; fileRef = 5DE3581319128E87005CD2F2 /* 21-potsdamerplatz.jpg */; };
		5DE3582F19128E87005CD2F2 /* 22-milchbar.jpg in Resources */ = {isa = PBXBuildFile; fileRef = 5DE3581419128E87005CD2F2 /* 22-milchbar.jpg */; };
		5DE3583019128E87005CD2F2 /* 23-berlinlights.jpg in Resources */ = {isa = PBXBuildFile; fileRef = 5DE3581519128E87005CD2F2 /* 23-berlinlights.jpg */; };
		5DE3583119128E87005CD2F2 /* 24-tvtower.jpg in Resources */ = {isa = PBXBuildFile; fileRef = 5DE3581619128E87005CD2F2 /* 24-tvtower.jpg */; };
		5DE3583219128E87005CD2F2 /* 25-winter.jpg in Resources */ = {isa = PBXBuildFile; fileRef = 5DE3581719128E87005CD2F2 /* 25-winter.jpg */; };
		5DE3583319128E87005CD2F2 /* 26-tree.jpg in Resources */ = {isa = PBXBuildFile; fileRef = 5DE3581819128E87005CD2F2 /* 26-tree.jpg */; };
		5DE3583419128E87005CD2F2 /* 27-beach.jpg in Resources */ = {isa = PBXBuildFile; fileRef = 5DE3581919128E87005CD2F2 /* 27-beach.jpg */; };
		5DE358371912943E005CD2F2 /* ParallaxLayoutAttributes.m in Sources */ = {isa = PBXBuildFile; fileRef = 5DE358361912943E005CD2F2 /* ParallaxLayoutAttributes.m */; };
		5DE3583919129913005CD2F2 /* Photos.plist in Resources */ = {isa = PBXBuildFile; fileRef = 5DE3583819129913005CD2F2 /* Photos.plist */; };
/* End PBXBuildFile section */

/* Begin PBXFileReference section */
		5DE357C21912843E005CD2F2 /* ParallaxScrolling.app */ = {isa = PBXFileReference; explicitFileType = wrapper.application; includeInIndex = 0; path = ParallaxScrolling.app; sourceTree = BUILT_PRODUCTS_DIR; };
		5DE357C51912843E005CD2F2 /* Foundation.framework */ = {isa = PBXFileReference; lastKnownFileType = wrapper.framework; name = Foundation.framework; path = System/Library/Frameworks/Foundation.framework; sourceTree = SDKROOT; };
		5DE357C71912843E005CD2F2 /* CoreGraphics.framework */ = {isa = PBXFileReference; lastKnownFileType = wrapper.framework; name = CoreGraphics.framework; path = System/Library/Frameworks/CoreGraphics.framework; sourceTree = SDKROOT; };
		5DE357C91912843E005CD2F2 /* UIKit.framework */ = {isa = PBXFileReference; lastKnownFileType = wrapper.framework; name = UIKit.framework; path = System/Library/Frameworks/UIKit.framework; sourceTree = SDKROOT; };
		5DE357CD1912843E005CD2F2 /* ParallaxScrolling-Info.plist */ = {isa = PBXFileReference; lastKnownFileType = text.plist.xml; path = "ParallaxScrolling-Info.plist"; sourceTree = "<group>"; };
		5DE357CF1912843E005CD2F2 /* en */ = {isa = PBXFileReference; lastKnownFileType = text.plist.strings; name = en; path = en.lproj/InfoPlist.strings; sourceTree = "<group>"; };
		5DE357D11912843E005CD2F2 /* main.m */ = {isa = PBXFileReference; lastKnownFileType = sourcecode.c.objc; path = main.m; sourceTree = "<group>"; };
		5DE357D31912843E005CD2F2 /* ParallaxScrolling-Prefix.pch */ = {isa = PBXFileReference; lastKnownFileType = sourcecode.c.h; path = "ParallaxScrolling-Prefix.pch"; sourceTree = "<group>"; };
		5DE357D41912843E005CD2F2 /* AppDelegate.h */ = {isa = PBXFileReference; lastKnownFileType = sourcecode.c.h; path = AppDelegate.h; sourceTree = "<group>"; };
		5DE357D51912843E005CD2F2 /* AppDelegate.m */ = {isa = PBXFileReference; lastKnownFileType = sourcecode.c.objc; path = AppDelegate.m; sourceTree = "<group>"; };
		5DE357D71912843E005CD2F2 /* Images.xcassets */ = {isa = PBXFileReference; lastKnownFileType = folder.assetcatalog; path = Images.xcassets; sourceTree = "<group>"; };
		5DE357DE1912843E005CD2F2 /* XCTest.framework */ = {isa = PBXFileReference; lastKnownFileType = wrapper.framework; name = XCTest.framework; path = Library/Frameworks/XCTest.framework; sourceTree = DEVELOPER_DIR; };
		5DE357F4191284A3005CD2F2 /* PhotosCollectionViewController.h */ = {isa = PBXFileReference; fileEncoding = 4; lastKnownFileType = sourcecode.c.h; path = PhotosCollectionViewController.h; sourceTree = "<group>"; };
		5DE357F5191284A3005CD2F2 /* PhotosCollectionViewController.m */ = {isa = PBXFileReference; fileEncoding = 4; lastKnownFileType = sourcecode.c.objc; path = PhotosCollectionViewController.m; sourceTree = "<group>"; };
		5DE357F7191284B2005CD2F2 /* ParallaxFlowLayout.h */ = {isa = PBXFileReference; fileEncoding = 4; lastKnownFileType = sourcecode.c.h; path = ParallaxFlowLayout.h; sourceTree = "<group>"; };
		5DE357F8191284B2005CD2F2 /* ParallaxFlowLayout.m */ = {isa = PBXFileReference; fileEncoding = 4; lastKnownFileType = sourcecode.c.objc; path = ParallaxFlowLayout.m; sourceTree = "<group>"; };
		5DE357FA191284CF005CD2F2 /* ParallaxPhotoCell.h */ = {isa = PBXFileReference; fileEncoding = 4; lastKnownFileType = sourcecode.c.h; path = ParallaxPhotoCell.h; sourceTree = "<group>"; };
		5DE357FB191284CF005CD2F2 /* ParallaxPhotoCell.m */ = {isa = PBXFileReference; fileEncoding = 4; lastKnownFileType = sourcecode.c.objc; path = ParallaxPhotoCell.m; sourceTree = "<group>"; };
		5DE357FF19128E87005CD2F2 /* 01-mallorca.jpg */ = {isa = PBXFileReference; lastKnownFileType = image.jpeg; path = "01-mallorca.jpg"; sourceTree = "<group>"; };
		5DE3580019128E87005CD2F2 /* 02-fishing.jpg */ = {isa = PBXFileReference; lastKnownFileType = image.jpeg; path = "02-fishing.jpg"; sourceTree = "<group>"; };
		5DE3580119128E87005CD2F2 /* 03-chili.jpg */ = {isa = PBXFileReference; lastKnownFileType = image.jpeg; path = "03-chili.jpg"; sourceTree = "<group>"; };
		5DE3580219128E87005CD2F2 /* 04-rice.jpg */ = {isa = PBXFileReference; lastKnownFileType = image.jpeg; path = "04-rice.jpg"; sourceTree = "<group>"; };
		5DE3580319128E87005CD2F2 /* 05-sweden.jpg */ = {isa = PBXFileReference; lastKnownFileType = image.jpeg; path = "05-sweden.jpg"; sourceTree = "<group>"; };
		5DE3580419128E87005CD2F2 /* 06-magicforest.jpg */ = {isa = PBXFileReference; lastKnownFileType = image.jpeg; path = "06-magicforest.jpg"; sourceTree = "<group>"; };
		5DE3580519128E87005CD2F2 /* 07-bird.jpg */ = {isa = PBXFileReference; lastKnownFileType = image.jpeg; path = "07-bird.jpg"; sourceTree = "<group>"; };
		5DE3580619128E87005CD2F2 /* 08-iguana.jpg */ = {isa = PBXFileReference; lastKnownFileType = image.jpeg; path = "08-iguana.jpg"; sourceTree = "<group>"; };
		5DE3580719128E87005CD2F2 /* 09-valley.jpg */ = {isa = PBXFileReference; lastKnownFileType = image.jpeg; path = "09-valley.jpg"; sourceTree = "<group>"; };
		5DE3580819128E87005CD2F2 /* 10-parrots.jpg */ = {isa = PBXFileReference; lastKnownFileType = image.jpeg; path = "10-parrots.jpg"; sourceTree = "<group>"; };
		5DE3580919128E87005CD2F2 /* 11-lapaz.jpg */ = {isa = PBXFileReference; lastKnownFileType = image.jpeg; path = "11-lapaz.jpg"; sourceTree = "<group>"; };
		5DE3580A19128E87005CD2F2 /* 12-villarrica.jpg */ = {isa = PBXFileReference; lastKnownFileType = image.jpeg; path = "12-villarrica.jpg"; sourceTree = "<group>"; };
		5DE3580B19128E87005CD2F2 /* 13-lakevolcano.jpg */ = {isa = PBXFileReference; lastKnownFileType = image.jpeg; path = "13-lakevolcano.jpg"; sourceTree = "<group>"; };
		5DE3580C19128E87005CD2F2 /* 14-denseforest.jpg */ = {isa = PBXFileReference; lastKnownFileType = image.jpeg; path = "14-denseforest.jpg"; sourceTree = "<group>"; };
		5DE3580D19128E87005CD2F2 /* 15-glacier1.jpg */ = {isa = PBXFileReference; lastKnownFileType = image.jpeg; path = "15-glacier1.jpg"; sourceTree = "<group>"; };
		5DE3580E19128E87005CD2F2 /* 16-glacier2.jpg */ = {isa = PBXFileReference; lastKnownFileType = image.jpeg; path = "16-glacier2.jpg"; sourceTree = "<group>"; };
		5DE3580F19128E87005CD2F2 /* 17-torresdelpaine1.jpg */ = {isa = PBXFileReference; lastKnownFileType = image.jpeg; path = "17-torresdelpaine1.jpg"; sourceTree = "<group>"; };
		5DE3581019128E87005CD2F2 /* 18-torresdelpaine2.jpg */ = {isa = PBXFileReference; lastKnownFileType = image.jpeg; path = "18-torresdelpaine2.jpg"; sourceTree = "<group>"; };
		5DE3581119128E87005CD2F2 /* 19-cat.jpg */ = {isa = PBXFileReference; lastKnownFileType = image.jpeg; path = "19-cat.jpg"; sourceTree = "<group>"; };
		5DE3581219128E87005CD2F2 /* 20-berlinskyline.jpg */ = {isa = PBXFileReference; lastKnownFileType = image.jpeg; path = "20-berlinskyline.jpg"; sourceTree = "<group>"; };
		5DE3581319128E87005CD2F2 /* 21-potsdamerplatz.jpg */ = {isa = PBXFileReference; lastKnownFileType = image.jpeg; path = "21-potsdamerplatz.jpg"; sourceTree = "<group>"; };
		5DE3581419128E87005CD2F2 /* 22-milchbar.jpg */ = {isa = PBXFileReference; lastKnownFileType = image.jpeg; path = "22-milchbar.jpg"; sourceTree = "<group>"; };
		5DE3581519128E87005CD2F2 /* 23-berlinlights.jpg */ = {isa = PBXFileReference; lastKnownFileType = image.jpeg; path = "23-berlinlights.jpg"; sourceTree = "<group>"; };
		5DE3581619128E87005CD2F2 /* 24-tvtower.jpg */ = {isa = PBXFileReference; lastKnownFileType = image.jpeg; path = "24-tvtower.jpg"; sourceTree = "<group>"; };
		5DE3581719128E87005CD2F2 /* 25-winter.jpg */ = {isa = PBXFileReference; lastKnownFileType = image.jpeg; path = "25-winter.jpg"; sourceTree = "<group>"; };
		5DE3581819128E87005CD2F2 /* 26-tree.jpg */ = {isa = PBXFileReference; lastKnownFileType = image.jpeg; path = "26-tree.jpg"; sourceTree = "<group>"; };
		5DE3581919128E87005CD2F2 /* 27-beach.jpg */ = {isa = PBXFileReference; lastKnownFileType = image.jpeg; path = "27-beach.jpg"; sourceTree = "<group>"; };
		5DE358351912943E005CD2F2 /* ParallaxLayoutAttributes.h */ = {isa = PBXFileReference; fileEncoding = 4; lastKnownFileType = sourcecode.c.h; path = ParallaxLayoutAttributes.h; sourceTree = "<group>"; };
		5DE358361912943E005CD2F2 /* ParallaxLayoutAttributes.m */ = {isa = PBXFileReference; fileEncoding = 4; lastKnownFileType = sourcecode.c.objc; path = ParallaxLayoutAttributes.m; sourceTree = "<group>"; };
		5DE3583819129913005CD2F2 /* Photos.plist */ = {isa = PBXFileReference; fileEncoding = 4; lastKnownFileType = text.plist.xml; name = Photos.plist; path = ParallaxScrolling/Photos/Photos.plist; sourceTree = SOURCE_ROOT; };
/* End PBXFileReference section */

/* Begin PBXFrameworksBuildPhase section */
		5DE357BF1912843E005CD2F2 /* Frameworks */ = {
			isa = PBXFrameworksBuildPhase;
			buildActionMask = 2147483647;
			files = (
				5DE357C81912843E005CD2F2 /* CoreGraphics.framework in Frameworks */,
				5DE357CA1912843E005CD2F2 /* UIKit.framework in Frameworks */,
				5DE357C61912843E005CD2F2 /* Foundation.framework in Frameworks */,
			);
			runOnlyForDeploymentPostprocessing = 0;
		};
/* End PBXFrameworksBuildPhase section */

/* Begin PBXGroup section */
		5DE357B91912843E005CD2F2 = {
			isa = PBXGroup;
			children = (
				5DE357CB1912843E005CD2F2 /* ParallaxScrolling */,
				5DE357C41912843E005CD2F2 /* Frameworks */,
				5DE357C31912843E005CD2F2 /* Products */,
			);
			sourceTree = "<group>";
		};
		5DE357C31912843E005CD2F2 /* Products */ = {
			isa = PBXGroup;
			children = (
				5DE357C21912843E005CD2F2 /* ParallaxScrolling.app */,
			);
			name = Products;
			sourceTree = "<group>";
		};
		5DE357C41912843E005CD2F2 /* Frameworks */ = {
			isa = PBXGroup;
			children = (
				5DE357C51912843E005CD2F2 /* Foundation.framework */,
				5DE357C71912843E005CD2F2 /* CoreGraphics.framework */,
				5DE357C91912843E005CD2F2 /* UIKit.framework */,
				5DE357DE1912843E005CD2F2 /* XCTest.framework */,
			);
			name = Frameworks;
			sourceTree = "<group>";
		};
		5DE357CB1912843E005CD2F2 /* ParallaxScrolling */ = {
			isa = PBXGroup;
			children = (
				5DE357D41912843E005CD2F2 /* AppDelegate.h */,
				5DE357D51912843E005CD2F2 /* AppDelegate.m */,
				5DE357F4191284A3005CD2F2 /* PhotosCollectionViewController.h */,
				5DE357F5191284A3005CD2F2 /* PhotosCollectionViewController.m */,
				5DE357F7191284B2005CD2F2 /* ParallaxFlowLayout.h */,
				5DE357F8191284B2005CD2F2 /* ParallaxFlowLayout.m */,
				5DE357FA191284CF005CD2F2 /* ParallaxPhotoCell.h */,
				5DE357FB191284CF005CD2F2 /* ParallaxPhotoCell.m */,
				5DE358351912943E005CD2F2 /* ParallaxLayoutAttributes.h */,
				5DE358361912943E005CD2F2 /* ParallaxLayoutAttributes.m */,
				5DE357D71912843E005CD2F2 /* Images.xcassets */,
				5DE357CC1912843E005CD2F2 /* Supporting Files */,
				5DE3583A19129944005CD2F2 /* Photos */,
			);
			path = ParallaxScrolling;
			sourceTree = "<group>";
		};
		5DE357CC1912843E005CD2F2 /* Supporting Files */ = {
			isa = PBXGroup;
			children = (
				5DE357CD1912843E005CD2F2 /* ParallaxScrolling-Info.plist */,
				5DE357CE1912843E005CD2F2 /* InfoPlist.strings */,
				5DE357D11912843E005CD2F2 /* main.m */,
				5DE357D31912843E005CD2F2 /* ParallaxScrolling-Prefix.pch */,
			);
			name = "Supporting Files";
			sourceTree = "<group>";
		};
		5DE3583A19129944005CD2F2 /* Photos */ = {
			isa = PBXGroup;
			children = (
				5DE3583819129913005CD2F2 /* Photos.plist */,
				5DE357FF19128E87005CD2F2 /* 01-mallorca.jpg */,
				5DE3580019128E87005CD2F2 /* 02-fishing.jpg */,
				5DE3580119128E87005CD2F2 /* 03-chili.jpg */,
				5DE3580219128E87005CD2F2 /* 04-rice.jpg */,
				5DE3580319128E87005CD2F2 /* 05-sweden.jpg */,
				5DE3580419128E87005CD2F2 /* 06-magicforest.jpg */,
				5DE3580519128E87005CD2F2 /* 07-bird.jpg */,
				5DE3580619128E87005CD2F2 /* 08-iguana.jpg */,
				5DE3580719128E87005CD2F2 /* 09-valley.jpg */,
				5DE3580819128E87005CD2F2 /* 10-parrots.jpg */,
				5DE3580919128E87005CD2F2 /* 11-lapaz.jpg */,
				5DE3580A19128E87005CD2F2 /* 12-villarrica.jpg */,
				5DE3580B19128E87005CD2F2 /* 13-lakevolcano.jpg */,
				5DE3580C19128E87005CD2F2 /* 14-denseforest.jpg */,
				5DE3580D19128E87005CD2F2 /* 15-glacier1.jpg */,
				5DE3580E19128E87005CD2F2 /* 16-glacier2.jpg */,
				5DE3580F19128E87005CD2F2 /* 17-torresdelpaine1.jpg */,
				5DE3581019128E87005CD2F2 /* 18-torresdelpaine2.jpg */,
				5DE3581119128E87005CD2F2 /* 19-cat.jpg */,
				5DE3581219128E87005CD2F2 /* 20-berlinskyline.jpg */,
				5DE3581319128E87005CD2F2 /* 21-potsdamerplatz.jpg */,
				5DE3581419128E87005CD2F2 /* 22-milchbar.jpg */,
				5DE3581519128E87005CD2F2 /* 23-berlinlights.jpg */,
				5DE3581619128E87005CD2F2 /* 24-tvtower.jpg */,
				5DE3581719128E87005CD2F2 /* 25-winter.jpg */,
				5DE3581819128E87005CD2F2 /* 26-tree.jpg */,
				5DE3581919128E87005CD2F2 /* 27-beach.jpg */,
			);
			path = Photos;
			sourceTree = "<group>";
		};
/* End PBXGroup section */

/* Begin PBXNativeTarget section */
		5DE357C11912843E005CD2F2 /* ParallaxScrolling */ = {
			isa = PBXNativeTarget;
			buildConfigurationList = 5DE357EE1912843E005CD2F2 /* Build configuration list for PBXNativeTarget "ParallaxScrolling" */;
			buildPhases = (
				5DE357BE1912843E005CD2F2 /* Sources */,
				5DE357BF1912843E005CD2F2 /* Frameworks */,
				5DE357C01912843E005CD2F2 /* Resources */,
			);
			buildRules = (
			);
			dependencies = (
			);
			name = ParallaxScrolling;
			productName = ParallaxScrolling;
			productReference = 5DE357C21912843E005CD2F2 /* ParallaxScrolling.app */;
			productType = "com.apple.product-type.application";
		};
/* End PBXNativeTarget section */

/* Begin PBXProject section */
		5DE357BA1912843E005CD2F2 /* Project object */ = {
			isa = PBXProject;
			attributes = {
				LastUpgradeCheck = 0510;
				ORGANIZATIONNAME = "Ole Begemann";
			};
			buildConfigurationList = 5DE357BD1912843E005CD2F2 /* Build configuration list for PBXProject "ParallaxScrolling" */;
			compatibilityVersion = "Xcode 3.2";
			developmentRegion = English;
			hasScannedForEncodings = 0;
			knownRegions = (
				en,
			);
			mainGroup = 5DE357B91912843E005CD2F2;
			productRefGroup = 5DE357C31912843E005CD2F2 /* Products */;
			projectDirPath = "";
			projectRoot = "";
			targets = (
				5DE357C11912843E005CD2F2 /* ParallaxScrolling */,
			);
		};
/* End PBXProject section */

/* Begin PBXResourcesBuildPhase section */
		5DE357C01912843E005CD2F2 /* Resources */ = {
			isa = PBXResourcesBuildPhase;
			buildActionMask = 2147483647;
			files = (
				5DE3582A19128E87005CD2F2 /* 17-torresdelpaine1.jpg in Resources */,
				5DE357D01912843E005CD2F2 /* InfoPlist.strings in Resources */,
				5DE3582819128E87005CD2F2 /* 15-glacier1.jpg in Resources */,
				5DE3582619128E87005CD2F2 /* 13-lakevolcano.jpg in Resources */,
				5DE3581F19128E87005CD2F2 /* 06-magicforest.jpg in Resources */,
				5DE3583219128E87005CD2F2 /* 25-winter.jpg in Resources */,
				5DE3583019128E87005CD2F2 /* 23-berlinlights.jpg in Resources */,
				5DE3581D19128E87005CD2F2 /* 04-rice.jpg in Resources */,
				5DE357D81912843E005CD2F2 /* Images.xcassets in Resources */,
				5DE3583119128E87005CD2F2 /* 24-tvtower.jpg in Resources */,
				5DE3582419128E87005CD2F2 /* 11-lapaz.jpg in Resources */,
				5DE3582B19128E87005CD2F2 /* 18-torresdelpaine2.jpg in Resources */,
				5DE3582F19128E87005CD2F2 /* 22-milchbar.jpg in Resources */,
				5DE3582C19128E87005CD2F2 /* 19-cat.jpg in Resources */,
				5DE3581E19128E87005CD2F2 /* 05-sweden.jpg in Resources */,
				5DE3582D19128E87005CD2F2 /* 20-berlinskyline.jpg in Resources */,
				5DE3582719128E87005CD2F2 /* 14-denseforest.jpg in Resources */,
				5DE3583419128E87005CD2F2 /* 27-beach.jpg in Resources */,
				5DE3581A19128E87005CD2F2 /* 01-mallorca.jpg in Resources */,
				5DE3582219128E87005CD2F2 /* 09-valley.jpg in Resources */,
				5DE3582019128E87005CD2F2 /* 07-bird.jpg in Resources */,
				5DE3583319128E87005CD2F2 /* 26-tree.jpg in Resources */,
				5DE3582319128E87005CD2F2 /* 10-parrots.jpg in Resources */,
				5DE3582119128E87005CD2F2 /* 08-iguana.jpg in Resources */,
				5DE3581C19128E87005CD2F2 /* 03-chili.jpg in Resources */,
				5DE3582919128E87005CD2F2 /* 16-glacier2.jpg in Resources */,
				5DE3581B19128E87005CD2F2 /* 02-fishing.jpg in Resources */,
				5DE3582E19128E87005CD2F2 /* 21-potsdamerplatz.jpg in Resources */,
				5DE3582519128E87005CD2F2 /* 12-villarrica.jpg in Resources */,
				5DE3583919129913005CD2F2 /* Photos.plist in Resources */,
			);
			runOnlyForDeploymentPostprocessing = 0;
		};
/* End PBXResourcesBuildPhase section */

/* Begin PBXSourcesBuildPhase section */
		5DE357BE1912843E005CD2F2 /* Sources */ = {
			isa = PBXSourcesBuildPhase;
			buildActionMask = 2147483647;
			files = (
				5DE358371912943E005CD2F2 /* ParallaxLayoutAttributes.m in Sources */,
				5DE357D61912843E005CD2F2 /* AppDelegate.m in Sources */,
				5DE357F6191284A3005CD2F2 /* PhotosCollectionViewController.m in Sources */,
				5DE357F9191284B2005CD2F2 /* ParallaxFlowLayout.m in Sources */,
				5DE357FC191284D0005CD2F2 /* ParallaxPhotoCell.m in Sources */,
				5DE357D21912843E005CD2F2 /* main.m in Sources */,
			);
			runOnlyForDeploymentPostprocessing = 0;
		};
/* End PBXSourcesBuildPhase section */

/* Begin PBXVariantGroup section */
		5DE357CE1912843E005CD2F2 /* InfoPlist.strings */ = {
			isa = PBXVariantGroup;
			children = (
				5DE357CF1912843E005CD2F2 /* en */,
			);
			name = InfoPlist.strings;
			sourceTree = "<group>";
		};
/* End PBXVariantGroup section */

/* Begin XCBuildConfiguration section */
		5DE357EC1912843E005CD2F2 /* Debug */ = {
			isa = XCBuildConfiguration;
			buildSettings = {
				ALWAYS_SEARCH_USER_PATHS = NO;
				CLANG_CXX_LANGUAGE_STANDARD = "gnu++0x";
				CLANG_CXX_LIBRARY = "libc++";
				CLANG_ENABLE_MODULES = YES;
				CLANG_ENABLE_OBJC_ARC = YES;
				CLANG_WARN_BOOL_CONVERSION = YES;
				CLANG_WARN_CONSTANT_CONVERSION = YES;
				CLANG_WARN_DIRECT_OBJC_ISA_USAGE = YES_ERROR;
				CLANG_WARN_EMPTY_BODY = YES;
				CLANG_WARN_ENUM_CONVERSION = YES;
				CLANG_WARN_INT_CONVERSION = YES;
				CLANG_WARN_OBJC_ROOT_CLASS = YES_ERROR;
				CLANG_WARN__DUPLICATE_METHOD_MATCH = YES;
				"CODE_SIGN_IDENTITY[sdk=iphoneos*]" = "iPhone Developer";
				COPY_PHASE_STRIP = NO;
				GCC_C_LANGUAGE_STANDARD = gnu99;
				GCC_DYNAMIC_NO_PIC = NO;
				GCC_OPTIMIZATION_LEVEL = 0;
				GCC_PREPROCESSOR_DEFINITIONS = (
					"DEBUG=1",
					"$(inherited)",
				);
				GCC_SYMBOLS_PRIVATE_EXTERN = NO;
				GCC_WARN_64_TO_32_BIT_CONVERSION = YES;
				GCC_WARN_ABOUT_RETURN_TYPE = YES_ERROR;
				GCC_WARN_UNDECLARED_SELECTOR = YES;
				GCC_WARN_UNINITIALIZED_AUTOS = YES_AGGRESSIVE;
				GCC_WARN_UNUSED_FUNCTION = YES;
				GCC_WARN_UNUSED_VARIABLE = YES;
				IPHONEOS_DEPLOYMENT_TARGET = 7.1;
				ONLY_ACTIVE_ARCH = YES;
				SDKROOT = iphoneos;
			};
			name = Debug;
		};
		5DE357ED1912843E005CD2F2 /* Release */ = {
			isa = XCBuildConfiguration;
			buildSettings = {
				ALWAYS_SEARCH_USER_PATHS = NO;
				CLANG_CXX_LANGUAGE_STANDARD = "gnu++0x";
				CLANG_CXX_LIBRARY = "libc++";
				CLANG_ENABLE_MODULES = YES;
				CLANG_ENABLE_OBJC_ARC = YES;
				CLANG_WARN_BOOL_CONVERSION = YES;
				CLANG_WARN_CONSTANT_CONVERSION = YES;
				CLANG_WARN_DIRECT_OBJC_ISA_USAGE = YES_ERROR;
				CLANG_WARN_EMPTY_BODY = YES;
				CLANG_WARN_ENUM_CONVERSION = YES;
				CLANG_WARN_INT_CONVERSION = YES;
				CLANG_WARN_OBJC_ROOT_CLASS = YES_ERROR;
				CLANG_WARN__DUPLICATE_METHOD_MATCH = YES;
				"CODE_SIGN_IDENTITY[sdk=iphoneos*]" = "iPhone Developer";
				COPY_PHASE_STRIP = YES;
				ENABLE_NS_ASSERTIONS = NO;
				GCC_C_LANGUAGE_STANDARD = gnu99;
				GCC_WARN_64_TO_32_BIT_CONVERSION = YES;
				GCC_WARN_ABOUT_RETURN_TYPE = YES_ERROR;
				GCC_WARN_UNDECLARED_SELECTOR = YES;
				GCC_WARN_UNINITIALIZED_AUTOS = YES_AGGRESSIVE;
				GCC_WARN_UNUSED_FUNCTION = YES;
				GCC_WARN_UNUSED_VARIABLE = YES;
				IPHONEOS_DEPLOYMENT_TARGET = 7.1;
				SDKROOT = iphoneos;
				VALIDATE_PRODUCT = YES;
			};
			name = Release;
		};
		5DE357EF1912843E005CD2F2 /* Debug */ = {
			isa = XCBuildConfiguration;
			buildSettings = {
				ASSETCATALOG_COMPILER_APPICON_NAME = AppIcon;
				ASSETCATALOG_COMPILER_LAUNCHIMAGE_NAME = LaunchImage;
				GCC_PRECOMPILE_PREFIX_HEADER = YES;
				GCC_PREFIX_HEADER = "ParallaxScrolling/ParallaxScrolling-Prefix.pch";
				INFOPLIST_FILE = "ParallaxScrolling/ParallaxScrolling-Info.plist";
				PRODUCT_NAME = "$(TARGET_NAME)";
				WRAPPER_EXTENSION = app;
			};
			name = Debug;
		};
		5DE357F01912843E005CD2F2 /* Release */ = {
			isa = XCBuildConfiguration;
			buildSettings = {
				ASSETCATALOG_COMPILER_APPICON_NAME = AppIcon;
				ASSETCATALOG_COMPILER_LAUNCHIMAGE_NAME = LaunchImage;
				GCC_PRECOMPILE_PREFIX_HEADER = YES;
				GCC_PREFIX_HEADER = "ParallaxScrolling/ParallaxScrolling-Prefix.pch";
				INFOPLIST_FILE = "ParallaxScrolling/ParallaxScrolling-Info.plist";
				PRODUCT_NAME = "$(TARGET_NAME)";
				WRAPPER_EXTENSION = app;
			};
			name = Release;
		};
/* End XCBuildConfiguration section */

/* Begin XCConfigurationList section */
		5DE357BD1912843E005CD2F2 /* Build configuration list for PBXProject "ParallaxScrolling" */ = {
			isa = XCConfigurationList;
			buildConfigurations = (
				5DE357EC1912843E005CD2F2 /* Debug */,
				5DE357ED1912843E005CD2F2 /* Release */,
			);
			defaultConfigurationIsVisible = 0;
			defaultConfigurationName = Release;
		};
		5DE357EE1912843E005CD2F2 /* Build configuration list for PBXNativeTarget "ParallaxScrolling" */ = {
			isa = XCConfigurationList;
			buildConfigurations = (
				5DE357EF1912843E005CD2F2 /* Debug */,
				5DE357F01912843E005CD2F2 /* Release */,
			);
			defaultConfigurationIsVisible = 0;
			defaultConfigurationName = Release;
		};
/* End XCConfigurationList section */
	};
	rootObject = 5DE357BA1912843E005CD2F2 /* Project object */;
}
